
Microsoft Visual Studio Solution File, Format Version 12.00
# Visual Studio 2013
VisualStudioVersion = 12.0.21005.1
MinimumVisualStudioVersion = 10.0.40219.1
Project("{E24C65DC-7377-472B-9ABA-BC803B73C61A}") = "WebSite4", "http://localhost:61363", "{3D5E3D98-2AAB-493E-859F-22B5BFCFC1B5}"
	ProjectSection(WebsiteProperties) = preProject
		UseIISExpress = "true"
		TargetFrameworkMoniker = ".NETFramework,Version%3Dv4.5"
		ProjectReferences = "{c2bd1fbf-d6f8-4b51-95e5-7ac15f52108f}|DataHelper.dll;"
		Debug.AspNetCompiler.VirtualPath = "/localhost_61363"
		Debug.AspNetCompiler.PhysicalPath = "..\..\WebSites\WebSite4\"
		Debug.AspNetCompiler.TargetPath = "PrecompiledWeb\localhost_61363\"
		Debug.AspNetCompiler.Updateable = "true"
		Debug.AspNetCompiler.ForceOverwrite = "true"
		Debug.AspNetCompiler.FixedNames = "false"
		Debug.AspNetCompiler.Debug = "True"
		Release.AspNetCompiler.VirtualPath = "/localhost_61363"
		Release.AspNetCompiler.PhysicalPath = "..\..\WebSites\WebSite4\"
		Release.AspNetCompiler.TargetPath = "PrecompiledWeb\localhost_61363\"
		Release.AspNetCompiler.Updateable = "true"
		Release.AspNetCompiler.ForceOverwrite = "true"
		Release.AspNetCompiler.FixedNames = "false"
		Release.AspNetCompiler.Debug = "False"
		SlnRelativePath = "..\..\WebSites\WebSite4\"
		DefaultWebSiteLanguage = "Visual C#"
	EndProjectSection
EndProject
Project("{FAE04EC0-301F-11D3-BF4B-00C04F79EFBC}") = "DataHelper", "DataHelper\DataHelper.csproj", "{C2BD1FBF-D6F8-4B51-95E5-7AC15F52108F}"
EndProject
Global
	GlobalSection(SolutionConfigurationPlatforms) = preSolution
		Debug|Any CPU = Debug|Any CPU
		Release|Any CPU = Release|Any CPU
	EndGlobalSection
	GlobalSection(ProjectConfigurationPlatforms) = postSolution
		{3D5E3D98-2AAB-493E-859F-22B5BFCFC1B5}.Debug|Any CPU.ActiveCfg = Debug|Any CPU
		{3D5E3D98-2AAB-493E-859F-22B5BFCFC1B5}.Debug|Any CPU.Build.0 = Debug|Any CPU
		{3D5E3D98-2AAB-493E-859F-22B5BFCFC1B5}.Release|Any CPU.ActiveCfg = Debug|Any CPU
		{3D5E3D98-2AAB-493E-859F-22B5BFCFC1B5}.Release|Any CPU.Build.0 = Debug|Any CPU
		{C2BD1FBF-D6F8-4B51-95E5-7AC15F52108F}.Debug|Any CPU.ActiveCfg = Debug|Any CPU
		{C2BD1FBF-D6F8-4B51-95E5-7AC15F52108F}.Debug|Any CPU.Build.0 = Debug|Any CPU
		{C2BD1FBF-D6F8-4B51-95E5-7AC15F52108F}.Release|Any CPU.ActiveCfg = Release|Any CPU
		{C2BD1FBF-D6F8-4B51-95E5-7AC15F52108F}.Release|Any CPU.Build.0 = Release|Any CPU
	EndGlobalSection
	GlobalSection(SolutionProperties) = preSolution
		HideSolutionNode = FALSE
	EndGlobalSection
EndGlobal
